// !$*UTF8*$!
{
	archiveVersion = 1;
	classes = {
	};
	objectVersion = 51;
	objects = {

/* Begin PBXBuildFile section */
		C9B816951AC9B9B8F4C39896 /* Pods_kidsleep.framework in Frameworks */ = {isa = PBXBuildFile; fileRef = BFACB7F9EBE269C007A138AE /* Pods_kidsleep.framework */; };
		E423D9C8268B780500DF2222 /* CustomSongView.swift in Sources */ = {isa = PBXBuildFile; fileRef = E423D9C7268B780500DF2222 /* CustomSongView.swift */; };
		E423D9CA268B782800DF2222 /* CustomSongView.xib in Resources */ = {isa = PBXBuildFile; fileRef = E423D9C9268B782800DF2222 /* CustomSongView.xib */; };
		E42B95AE2689C09900F2312E /* CustomDataPicker.xib in Resources */ = {isa = PBXBuildFile; fileRef = E42B95AD2689C09900F2312E /* CustomDataPicker.xib */; };
		E42B95B02689C1E500F2312E /* CustomDataPicker.swift in Sources */ = {isa = PBXBuildFile; fileRef = E42B95AF2689C1E500F2312E /* CustomDataPicker.swift */; };
		E42B95B22689D61900F2312E /* CustomInput.swift in Sources */ = {isa = PBXBuildFile; fileRef = E42B95B12689D61900F2312E /* CustomInput.swift */; };
		E42B95B52689DF7300F2312E /* CustomTimePicker.xib in Resources */ = {isa = PBXBuildFile; fileRef = E42B95B42689DF7300F2312E /* CustomTimePicker.xib */; };
		E42B95B72689DF8200F2312E /* CustomTimePicker.swift in Sources */ = {isa = PBXBuildFile; fileRef = E42B95B62689DF8200F2312E /* CustomTimePicker.swift */; };
		E439A4872685F7910056FA74 /* CustomSegmentedControl.swift in Sources */ = {isa = PBXBuildFile; fileRef = E439A4862685F7910056FA74 /* CustomSegmentedControl.swift */; };
		E439A4892685F8B80056FA74 /* CustomSegmentControl.xib in Resources */ = {isa = PBXBuildFile; fileRef = E439A4882685F8B80056FA74 /* CustomSegmentControl.xib */; };
		E43C04D12689F475000FD441 /* MainChildInfoView.xib in Resources */ = {isa = PBXBuildFile; fileRef = E43C04D02689F475000FD441 /* MainChildInfoView.xib */; };
		E43C04D32689F487000FD441 /* MainChildInfoView.swift in Sources */ = {isa = PBXBuildFile; fileRef = E43C04D22689F487000FD441 /* MainChildInfoView.swift */; };
		E43C04D6268A2D5D000FD441 /* ScheduleInfoView.xib in Resources */ = {isa = PBXBuildFile; fileRef = E43C04D5268A2D5D000FD441 /* ScheduleInfoView.xib */; };
		E43C04D8268A2D74000FD441 /* ScheduleInfoView.swift in Sources */ = {isa = PBXBuildFile; fileRef = E43C04D7268A2D74000FD441 /* ScheduleInfoView.swift */; };
		E43C04DC268B2F79000FD441 /* CustomSwitch.swift in Sources */ = {isa = PBXBuildFile; fileRef = E43C04DB268B2F79000FD441 /* CustomSwitch.swift */; };
		E43C04DE268B2F9B000FD441 /* CustomSwitch.xib in Resources */ = {isa = PBXBuildFile; fileRef = E43C04DD268B2F9B000FD441 /* CustomSwitch.xib */; };
		E48943EA2685E3F4007DF356 /* Onboarding.storyboard in Resources */ = {isa = PBXBuildFile; fileRef = E48943E92685E3F4007DF356 /* Onboarding.storyboard */; };
		E48943EC2685E60D007DF356 /* OnboardingViewController.swift in Sources */ = {isa = PBXBuildFile; fileRef = E48943EB2685E60D007DF356 /* OnboardingViewController.swift */; };
		E48943EF2685ECBF007DF356 /* CustomPageControl.swift in Sources */ = {isa = PBXBuildFile; fileRef = E48943EE2685ECBF007DF356 /* CustomPageControl.swift */; };
		E48943F12685ECD3007DF356 /* CustomPageControl.xib in Resources */ = {isa = PBXBuildFile; fileRef = E48943F02685ECD3007DF356 /* CustomPageControl.xib */; };
		E48B0289268C85C80068F438 /* App.storyboard in Resources */ = {isa = PBXBuildFile; fileRef = E48B0288268C85C80068F438 /* App.storyboard */; };
		E48B028B268C85ED0068F438 /* AppViewController.swift in Sources */ = {isa = PBXBuildFile; fileRef = E48B028A268C85ED0068F438 /* AppViewController.swift */; };
		E48B028D268C935F0068F438 /* OnboardingViewModel.swift in Sources */ = {isa = PBXBuildFile; fileRef = E48B028C268C935F0068F438 /* OnboardingViewModel.swift */; };
		E48B0290268F03F90068F438 /* ViewModelType.swift in Sources */ = {isa = PBXBuildFile; fileRef = E48B028F268F03F90068F438 /* ViewModelType.swift */; };
		E48B0292268F58AD0068F438 /* UserInfo.swift in Sources */ = {isa = PBXBuildFile; fileRef = E48B0291268F58AC0068F438 /* UserInfo.swift */; };
		E48B0295268F58F30068F438 /* UserDefaultsRepository.swift in Sources */ = {isa = PBXBuildFile; fileRef = E48B0294268F58F30068F438 /* UserDefaultsRepository.swift */; };
		E48B0297268F59050068F438 /* Repository.swift in Sources */ = {isa = PBXBuildFile; fileRef = E48B0296268F59050068F438 /* Repository.swift */; };
		E48B029A2694B4B30068F438 /* MainChildCart.swift in Sources */ = {isa = PBXBuildFile; fileRef = E48B02992694B4B30068F438 /* MainChildCart.swift */; };
		E48B029C2695C1BD0068F438 /* MainViewModel.swift in Sources */ = {isa = PBXBuildFile; fileRef = E48B029B2695C1BD0068F438 /* MainViewModel.swift */; };
		E48B029E2695E8740068F438 /* Helpers.swift in Sources */ = {isa = PBXBuildFile; fileRef = E48B029D2695E8740068F438 /* Helpers.swift */; };
		E48B02A12696ED260068F438 /* CustomStroriesViewCell.swift in Sources */ = {isa = PBXBuildFile; fileRef = E48B02A02696ED260068F438 /* CustomStroriesViewCell.swift */; };
		E48B02A42696F6DD0068F438 /* CustomStoriesView.swift in Sources */ = {isa = PBXBuildFile; fileRef = E48B02A32696F6DD0068F438 /* CustomStoriesView.swift */; };
		E48B02A7269711CA0068F438 /* StoriesViewModel.swift in Sources */ = {isa = PBXBuildFile; fileRef = E48B02A6269711CA0068F438 /* StoriesViewModel.swift */; };
		E48B02A92697269C0068F438 /* Story.swift in Sources */ = {isa = PBXBuildFile; fileRef = E48B02A82697269C0068F438 /* Story.swift */; };
		E48BE64F269DA48600B8C8D3 /* Song.swift in Sources */ = {isa = PBXBuildFile; fileRef = E48BE64E269DA48600B8C8D3 /* Song.swift */; };
		E4921C7F2686188C00DB247D /* CustomTextField.swift in Sources */ = {isa = PBXBuildFile; fileRef = E4921C7E2686188C00DB247D /* CustomTextField.swift */; };
		E4921C81268618EC00DB247D /* CustomTextField.xib in Resources */ = {isa = PBXBuildFile; fileRef = E4921C80268618EC00DB247D /* CustomTextField.xib */; };
		E4A38C90269ED60900D041CA /* SongsViewModel.swift in Sources */ = {isa = PBXBuildFile; fileRef = E4A38C8F269ED60900D041CA /* SongsViewModel.swift */; };
		E4A38C9226A0343500D041CA /* OnboardingManager.swift in Sources */ = {isa = PBXBuildFile; fileRef = E4A38C9126A0343500D041CA /* OnboardingManager.swift */; };
		E4A38C9526A0566E00D041CA /* SongsPlayerView.swift in Sources */ = {isa = PBXBuildFile; fileRef = E4A38C9426A0566E00D041CA /* SongsPlayerView.swift */; };
		E4A38E1A2684858C00E44AD8 /* AppDelegate.swift in Sources */ = {isa = PBXBuildFile; fileRef = E4A38E192684858C00E44AD8 /* AppDelegate.swift */; };
		E4A38E1C2684858C00E44AD8 /* SceneDelegate.swift in Sources */ = {isa = PBXBuildFile; fileRef = E4A38E1B2684858C00E44AD8 /* SceneDelegate.swift */; };
		E4A38E1E2684858C00E44AD8 /* ViewController.swift in Sources */ = {isa = PBXBuildFile; fileRef = E4A38E1D2684858C00E44AD8 /* ViewController.swift */; };
		E4A38E212684858C00E44AD8 /* Main.storyboard in Resources */ = {isa = PBXBuildFile; fileRef = E4A38E1F2684858C00E44AD8 /* Main.storyboard */; };
		E4A38E232684859100E44AD8 /* Assets.xcassets in Resources */ = {isa = PBXBuildFile; fileRef = E4A38E222684859100E44AD8 /* Assets.xcassets */; };
		E4A38E262684859100E44AD8 /* LaunchScreen.storyboard in Resources */ = {isa = PBXBuildFile; fileRef = E4A38E242684859100E44AD8 /* LaunchScreen.storyboard */; };
		E4A38E32268499ED00E44AD8 /* GradientView.swift in Sources */ = {isa = PBXBuildFile; fileRef = E4A38E31268499ED00E44AD8 /* GradientView.swift */; };
		E4A7F48B2684B1BC00BEB391 /* Montserrat-Black.ttf in Resources */ = {isa = PBXBuildFile; fileRef = E4A7F48A2684B1BC00BEB391 /* Montserrat-Black.ttf */; };
		E4A7F48D2684B1CE00BEB391 /* Montserrat-Bold.ttf in Resources */ = {isa = PBXBuildFile; fileRef = E4A7F48C2684B1CE00BEB391 /* Montserrat-Bold.ttf */; };
		E4A7F48F2684B1D900BEB391 /* Montserrat-Medium.ttf in Resources */ = {isa = PBXBuildFile; fileRef = E4A7F48E2684B1D900BEB391 /* Montserrat-Medium.ttf */; };
		E4A7F4932684C23100BEB391 /* CustomButton.swift in Sources */ = {isa = PBXBuildFile; fileRef = E4A7F4912684C23100BEB391 /* CustomButton.swift */; };
		E4A7F4942684C23100BEB391 /* CustomButton.xib in Resources */ = {isa = PBXBuildFile; fileRef = E4A7F4922684C23100BEB391 /* CustomButton.xib */; };
		E4A7F4962684DF4E00BEB391 /* Montserrat-SemiBold.ttf in Resources */ = {isa = PBXBuildFile; fileRef = E4A7F4952684DF4D00BEB391 /* Montserrat-SemiBold.ttf */; };
		E4A7F4992684E11100BEB391 /* Extensions.swift in Sources */ = {isa = PBXBuildFile; fileRef = E4A7F4982684E11100BEB391 /* Extensions.swift */; };
		E4BD1C4826973FDF00F66B08 /* APICaller.swift in Sources */ = {isa = PBXBuildFile; fileRef = E4BD1C4726973FDF00F66B08 /* APICaller.swift */; };
		E4BD1C4B269846B600F66B08 /* CustomEventsView.swift in Sources */ = {isa = PBXBuildFile; fileRef = E4BD1C4A269846B600F66B08 /* CustomEventsView.swift */; };
		E4BD1C4D269872EF00F66B08 /* Events.swift in Sources */ = {isa = PBXBuildFile; fileRef = E4BD1C4C269872EF00F66B08 /* Events.swift */; };
		E4BD1C4F26988A4B00F66B08 /* EventsViewModel.swift in Sources */ = {isa = PBXBuildFile; fileRef = E4BD1C4E26988A4B00F66B08 /* EventsViewModel.swift */; };
		E4BE2271268B8583006E002E /* SongsInfoView.xib in Resources */ = {isa = PBXBuildFile; fileRef = E4BE2270268B8583006E002E /* SongsInfoView.xib */; };
		E4BE2273268B877D006E002E /* SongsInfoView.swift in Sources */ = {isa = PBXBuildFile; fileRef = E4BE2272268B877D006E002E /* SongsInfoView.swift */; };
		E4DDF842269C559100BF1F1F /* HelpersViewController.swift in Sources */ = {isa = PBXBuildFile; fileRef = E4DDF841269C559100BF1F1F /* HelpersViewController.swift */; };
		E4DDF845269C59E300BF1F1F /* CustomSlider.swift in Sources */ = {isa = PBXBuildFile; fileRef = E4DDF844269C59E300BF1F1F /* CustomSlider.swift */; };
		E4DDF847269C78E900BF1F1F /* NightLightViewController.swift in Sources */ = {isa = PBXBuildFile; fileRef = E4DDF846269C78E900BF1F1F /* NightLightViewController.swift */; };
/* End PBXBuildFile section */

/* Begin PBXFileReference section */
		BB8E9E1697F0288782162630 /* Pods-kidsleep.debug.xcconfig */ = {isa = PBXFileReference; includeInIndex = 1; lastKnownFileType = text.xcconfig; name = "Pods-kidsleep.debug.xcconfig"; path = "Target Support Files/Pods-kidsleep/Pods-kidsleep.debug.xcconfig"; sourceTree = "<group>"; };
		BFACB7F9EBE269C007A138AE /* Pods_kidsleep.framework */ = {isa = PBXFileReference; explicitFileType = wrapper.framework; includeInIndex = 0; path = Pods_kidsleep.framework; sourceTree = BUILT_PRODUCTS_DIR; };
		E423D9C7268B780500DF2222 /* CustomSongView.swift */ = {isa = PBXFileReference; lastKnownFileType = sourcecode.swift; path = CustomSongView.swift; sourceTree = "<group>"; };
		E423D9C9268B782800DF2222 /* CustomSongView.xib */ = {isa = PBXFileReference; lastKnownFileType = file.xib; path = CustomSongView.xib; sourceTree = "<group>"; };
		E42B95AD2689C09900F2312E /* CustomDataPicker.xib */ = {isa = PBXFileReference; lastKnownFileType = file.xib; path = CustomDataPicker.xib; sourceTree = "<group>"; };
		E42B95AF2689C1E500F2312E /* CustomDataPicker.swift */ = {isa = PBXFileReference; lastKnownFileType = sourcecode.swift; path = CustomDataPicker.swift; sourceTree = "<group>"; };
		E42B95B12689D61900F2312E /* CustomInput.swift */ = {isa = PBXFileReference; lastKnownFileType = sourcecode.swift; path = CustomInput.swift; sourceTree = "<group>"; };
		E42B95B42689DF7300F2312E /* CustomTimePicker.xib */ = {isa = PBXFileReference; lastKnownFileType = file.xib; path = CustomTimePicker.xib; sourceTree = "<group>"; };
		E42B95B62689DF8200F2312E /* CustomTimePicker.swift */ = {isa = PBXFileReference; lastKnownFileType = sourcecode.swift; path = CustomTimePicker.swift; sourceTree = "<group>"; };
		E439A4862685F7910056FA74 /* CustomSegmentedControl.swift */ = {isa = PBXFileReference; lastKnownFileType = sourcecode.swift; path = CustomSegmentedControl.swift; sourceTree = "<group>"; };
		E439A4882685F8B80056FA74 /* CustomSegmentControl.xib */ = {isa = PBXFileReference; lastKnownFileType = file.xib; path = CustomSegmentControl.xib; sourceTree = "<group>"; };
		E43C04D02689F475000FD441 /* MainChildInfoView.xib */ = {isa = PBXFileReference; lastKnownFileType = file.xib; path = MainChildInfoView.xib; sourceTree = "<group>"; };
		E43C04D22689F487000FD441 /* MainChildInfoView.swift */ = {isa = PBXFileReference; lastKnownFileType = sourcecode.swift; path = MainChildInfoView.swift; sourceTree = "<group>"; };
		E43C04D5268A2D5D000FD441 /* ScheduleInfoView.xib */ = {isa = PBXFileReference; lastKnownFileType = file.xib; path = ScheduleInfoView.xib; sourceTree = "<group>"; };
		E43C04D7268A2D74000FD441 /* ScheduleInfoView.swift */ = {isa = PBXFileReference; lastKnownFileType = sourcecode.swift; path = ScheduleInfoView.swift; sourceTree = "<group>"; };
		E43C04DB268B2F79000FD441 /* CustomSwitch.swift */ = {isa = PBXFileReference; lastKnownFileType = sourcecode.swift; path = CustomSwitch.swift; sourceTree = "<group>"; };
		E43C04DD268B2F9B000FD441 /* CustomSwitch.xib */ = {isa = PBXFileReference; lastKnownFileType = file.xib; path = CustomSwitch.xib; sourceTree = "<group>"; };
		E48943E92685E3F4007DF356 /* Onboarding.storyboard */ = {isa = PBXFileReference; lastKnownFileType = file.storyboard; path = Onboarding.storyboard; sourceTree = "<group>"; };
		E48943EB2685E60D007DF356 /* OnboardingViewController.swift */ = {isa = PBXFileReference; lastKnownFileType = sourcecode.swift; path = OnboardingViewController.swift; sourceTree = "<group>"; };
		E48943EE2685ECBF007DF356 /* CustomPageControl.swift */ = {isa = PBXFileReference; lastKnownFileType = sourcecode.swift; path = CustomPageControl.swift; sourceTree = "<group>"; };
		E48943F02685ECD3007DF356 /* CustomPageControl.xib */ = {isa = PBXFileReference; lastKnownFileType = file.xib; path = CustomPageControl.xib; sourceTree = "<group>"; };
		E48B0288268C85C80068F438 /* App.storyboard */ = {isa = PBXFileReference; lastKnownFileType = file.storyboard; path = App.storyboard; sourceTree = "<group>"; };
		E48B028A268C85ED0068F438 /* AppViewController.swift */ = {isa = PBXFileReference; lastKnownFileType = sourcecode.swift; path = AppViewController.swift; sourceTree = "<group>"; };
		E48B028C268C935F0068F438 /* OnboardingViewModel.swift */ = {isa = PBXFileReference; lastKnownFileType = sourcecode.swift; path = OnboardingViewModel.swift; sourceTree = "<group>"; };
		E48B028F268F03F90068F438 /* ViewModelType.swift */ = {isa = PBXFileReference; lastKnownFileType = sourcecode.swift; path = ViewModelType.swift; sourceTree = "<group>"; };
		E48B0291268F58AC0068F438 /* UserInfo.swift */ = {isa = PBXFileReference; lastKnownFileType = sourcecode.swift; path = UserInfo.swift; sourceTree = "<group>"; };
		E48B0294268F58F30068F438 /* UserDefaultsRepository.swift */ = {isa = PBXFileReference; lastKnownFileType = sourcecode.swift; path = UserDefaultsRepository.swift; sourceTree = "<group>"; };
		E48B0296268F59050068F438 /* Repository.swift */ = {isa = PBXFileReference; lastKnownFileType = sourcecode.swift; path = Repository.swift; sourceTree = "<group>"; };
		E48B02992694B4B30068F438 /* MainChildCart.swift */ = {isa = PBXFileReference; lastKnownFileType = sourcecode.swift; path = MainChildCart.swift; sourceTree = "<group>"; };
		E48B029B2695C1BD0068F438 /* MainViewModel.swift */ = {isa = PBXFileReference; lastKnownFileType = sourcecode.swift; path = MainViewModel.swift; sourceTree = "<group>"; };
		E48B029D2695E8740068F438 /* Helpers.swift */ = {isa = PBXFileReference; lastKnownFileType = sourcecode.swift; path = Helpers.swift; sourceTree = "<group>"; };
		E48B02A02696ED260068F438 /* CustomStroriesViewCell.swift */ = {isa = PBXFileReference; lastKnownFileType = sourcecode.swift; path = CustomStroriesViewCell.swift; sourceTree = "<group>"; };
		E48B02A32696F6DD0068F438 /* CustomStoriesView.swift */ = {isa = PBXFileReference; lastKnownFileType = sourcecode.swift; path = CustomStoriesView.swift; sourceTree = "<group>"; };
		E48B02A6269711CA0068F438 /* StoriesViewModel.swift */ = {isa = PBXFileReference; lastKnownFileType = sourcecode.swift; path = StoriesViewModel.swift; sourceTree = "<group>"; };
		E48B02A82697269C0068F438 /* Story.swift */ = {isa = PBXFileReference; lastKnownFileType = sourcecode.swift; path = Story.swift; sourceTree = "<group>"; };
		E48BE64E269DA48600B8C8D3 /* Song.swift */ = {isa = PBXFileReference; lastKnownFileType = sourcecode.swift; path = Song.swift; sourceTree = "<group>"; };
		E4921C7E2686188C00DB247D /* CustomTextField.swift */ = {isa = PBXFileReference; lastKnownFileType = sourcecode.swift; path = CustomTextField.swift; sourceTree = "<group>"; };
		E4921C80268618EC00DB247D /* CustomTextField.xib */ = {isa = PBXFileReference; lastKnownFileType = file.xib; path = CustomTextField.xib; sourceTree = "<group>"; };
		E4A38C8F269ED60900D041CA /* SongsViewModel.swift */ = {isa = PBXFileReference; lastKnownFileType = sourcecode.swift; path = SongsViewModel.swift; sourceTree = "<group>"; };
		E4A38C9126A0343500D041CA /* OnboardingManager.swift */ = {isa = PBXFileReference; lastKnownFileType = sourcecode.swift; path = OnboardingManager.swift; sourceTree = "<group>"; };
		E4A38C9426A0566E00D041CA /* SongsPlayerView.swift */ = {isa = PBXFileReference; lastKnownFileType = sourcecode.swift; path = SongsPlayerView.swift; sourceTree = "<group>"; };
		E4A38E162684858C00E44AD8 /* kidsleep.app */ = {isa = PBXFileReference; explicitFileType = wrapper.application; includeInIndex = 0; path = kidsleep.app; sourceTree = BUILT_PRODUCTS_DIR; };
		E4A38E192684858C00E44AD8 /* AppDelegate.swift */ = {isa = PBXFileReference; lastKnownFileType = sourcecode.swift; path = AppDelegate.swift; sourceTree = "<group>"; };
		E4A38E1B2684858C00E44AD8 /* SceneDelegate.swift */ = {isa = PBXFileReference; lastKnownFileType = sourcecode.swift; path = SceneDelegate.swift; sourceTree = "<group>"; };
		E4A38E1D2684858C00E44AD8 /* ViewController.swift */ = {isa = PBXFileReference; lastKnownFileType = sourcecode.swift; path = ViewController.swift; sourceTree = "<group>"; };
		E4A38E202684858C00E44AD8 /* Base */ = {isa = PBXFileReference; lastKnownFileType = file.storyboard; name = Base; path = Base.lproj/Main.storyboard; sourceTree = "<group>"; };
		E4A38E222684859100E44AD8 /* Assets.xcassets */ = {isa = PBXFileReference; lastKnownFileType = folder.assetcatalog; path = Assets.xcassets; sourceTree = "<group>"; };
		E4A38E252684859100E44AD8 /* Base */ = {isa = PBXFileReference; lastKnownFileType = file.storyboard; name = Base; path = Base.lproj/LaunchScreen.storyboard; sourceTree = "<group>"; };
		E4A38E272684859100E44AD8 /* Info.plist */ = {isa = PBXFileReference; lastKnownFileType = text.plist.xml; path = Info.plist; sourceTree = "<group>"; };
		E4A38E31268499ED00E44AD8 /* GradientView.swift */ = {isa = PBXFileReference; lastKnownFileType = sourcecode.swift; path = GradientView.swift; sourceTree = "<group>"; };
		E4A7F48A2684B1BC00BEB391 /* Montserrat-Black.ttf */ = {isa = PBXFileReference; lastKnownFileType = file; path = "Montserrat-Black.ttf"; sourceTree = "<group>"; };
		E4A7F48C2684B1CE00BEB391 /* Montserrat-Bold.ttf */ = {isa = PBXFileReference; lastKnownFileType = file; path = "Montserrat-Bold.ttf"; sourceTree = "<group>"; };
		E4A7F48E2684B1D900BEB391 /* Montserrat-Medium.ttf */ = {isa = PBXFileReference; lastKnownFileType = file; path = "Montserrat-Medium.ttf"; sourceTree = "<group>"; };
		E4A7F4912684C23100BEB391 /* CustomButton.swift */ = {isa = PBXFileReference; lastKnownFileType = sourcecode.swift; path = CustomButton.swift; sourceTree = "<group>"; };
		E4A7F4922684C23100BEB391 /* CustomButton.xib */ = {isa = PBXFileReference; lastKnownFileType = file.xib; path = CustomButton.xib; sourceTree = "<group>"; };
		E4A7F4952684DF4D00BEB391 /* Montserrat-SemiBold.ttf */ = {isa = PBXFileReference; lastKnownFileType = file; path = "Montserrat-SemiBold.ttf"; sourceTree = "<group>"; };
		E4A7F4982684E11100BEB391 /* Extensions.swift */ = {isa = PBXFileReference; lastKnownFileType = sourcecode.swift; path = Extensions.swift; sourceTree = "<group>"; };
		E4BD1C4726973FDF00F66B08 /* APICaller.swift */ = {isa = PBXFileReference; lastKnownFileType = sourcecode.swift; path = APICaller.swift; sourceTree = "<group>"; };
		E4BD1C4A269846B600F66B08 /* CustomEventsView.swift */ = {isa = PBXFileReference; lastKnownFileType = sourcecode.swift; path = CustomEventsView.swift; sourceTree = "<group>"; };
		E4BD1C4C269872EF00F66B08 /* Events.swift */ = {isa = PBXFileReference; lastKnownFileType = sourcecode.swift; path = Events.swift; sourceTree = "<group>"; };
		E4BD1C4E26988A4B00F66B08 /* EventsViewModel.swift */ = {isa = PBXFileReference; lastKnownFileType = sourcecode.swift; path = EventsViewModel.swift; sourceTree = "<group>"; };
		E4BE2270268B8583006E002E /* SongsInfoView.xib */ = {isa = PBXFileReference; lastKnownFileType = file.xib; path = SongsInfoView.xib; sourceTree = "<group>"; };
		E4BE2272268B877D006E002E /* SongsInfoView.swift */ = {isa = PBXFileReference; lastKnownFileType = sourcecode.swift; path = SongsInfoView.swift; sourceTree = "<group>"; };
		E4DDF841269C559100BF1F1F /* HelpersViewController.swift */ = {isa = PBXFileReference; lastKnownFileType = sourcecode.swift; path = HelpersViewController.swift; sourceTree = "<group>"; };
		E4DDF844269C59E300BF1F1F /* CustomSlider.swift */ = {isa = PBXFileReference; lastKnownFileType = sourcecode.swift; path = CustomSlider.swift; sourceTree = "<group>"; };
		E4DDF846269C78E900BF1F1F /* NightLightViewController.swift */ = {isa = PBXFileReference; lastKnownFileType = sourcecode.swift; path = NightLightViewController.swift; sourceTree = "<group>"; };
		F70EED7B90386BD4BD42E74D /* Pods-kidsleep.release.xcconfig */ = {isa = PBXFileReference; includeInIndex = 1; lastKnownFileType = text.xcconfig; name = "Pods-kidsleep.release.xcconfig"; path = "Target Support Files/Pods-kidsleep/Pods-kidsleep.release.xcconfig"; sourceTree = "<group>"; };
/* End PBXFileReference section */

/* Begin PBXFrameworksBuildPhase section */
		E4A38E132684858C00E44AD8 /* Frameworks */ = {
			isa = PBXFrameworksBuildPhase;
			buildActionMask = 2147483647;
			files = (
				C9B816951AC9B9B8F4C39896 /* Pods_kidsleep.framework in Frameworks */,
			);
			runOnlyForDeploymentPostprocessing = 0;
		};
/* End PBXFrameworksBuildPhase section */

/* Begin PBXGroup section */
		0B9EA8D67179FF97DC13EF78 /* Frameworks */ = {
			isa = PBXGroup;
			children = (
				BFACB7F9EBE269C007A138AE /* Pods_kidsleep.framework */,
			);
			name = Frameworks;
			sourceTree = "<group>";
		};
		D0C4DDBD483EDA3C5692E58B /* Pods */ = {
			isa = PBXGroup;
			children = (
				BB8E9E1697F0288782162630 /* Pods-kidsleep.debug.xcconfig */,
				F70EED7B90386BD4BD42E74D /* Pods-kidsleep.release.xcconfig */,
			);
			path = Pods;
			sourceTree = "<group>";
		};
		E423D9C6268B77E100DF2222 /* CustomSongView */ = {
			isa = PBXGroup;
			children = (
				E423D9C7268B780500DF2222 /* CustomSongView.swift */,
				E423D9C9268B782800DF2222 /* CustomSongView.xib */,
			);
			path = CustomSongView;
			sourceTree = "<group>";
		};
		E42B95AC2689C08500F2312E /* CustomDataPicker */ = {
			isa = PBXGroup;
			children = (
				E42B95AD2689C09900F2312E /* CustomDataPicker.xib */,
				E42B95AF2689C1E500F2312E /* CustomDataPicker.swift */,
			);
			path = CustomDataPicker;
			sourceTree = "<group>";
		};
		E42B95B32689DF5900F2312E /* CustomTimePicker */ = {
			isa = PBXGroup;
			children = (
				E42B95B42689DF7300F2312E /* CustomTimePicker.xib */,
				E42B95B62689DF8200F2312E /* CustomTimePicker.swift */,
			);
			path = CustomTimePicker;
			sourceTree = "<group>";
		};
		E439A4852685F7500056FA74 /* CustomSegmentedControl */ = {
			isa = PBXGroup;
			children = (
				E439A4862685F7910056FA74 /* CustomSegmentedControl.swift */,
				E439A4882685F8B80056FA74 /* CustomSegmentControl.xib */,
			);
			path = CustomSegmentedControl;
			sourceTree = "<group>";
		};
		E43C04CD2689F43B000FD441 /* Components */ = {
			isa = PBXGroup;
			children = (
				E4DDF843269C59CF00BF1F1F /* CustomSlider */,
				E4BD1C49269846A300F66B08 /* CustomEventsView */,
				E48B02A22696F6BB0068F438 /* CustomStoriesView */,
				E48B029F2696ED010068F438 /* CustomStoriesViewCell */,
				E48B02982694B49B0068F438 /* MainChildCard */,
				E423D9C6268B77E100DF2222 /* CustomSongView */,
				E43C04DA268B2F4C000FD441 /* CustomSwitch */,
				E42B95B32689DF5900F2312E /* CustomTimePicker */,
				E42B95AC2689C08500F2312E /* CustomDataPicker */,
				E4921C7D2686186700DB247D /* CustomTextField */,
				E439A4852685F7500056FA74 /* CustomSegmentedControl */,
				E48943ED2685EC36007DF356 /* CustomPageControl */,
				E4A7F4902684C1A400BEB391 /* CustomButton */,
				E4A38E31268499ED00E44AD8 /* GradientView.swift */,
				E42B95B12689D61900F2312E /* CustomInput.swift */,
			);
			path = Components;
			sourceTree = "<group>";
		};
		E43C04CE2689F44B000FD441 /* Screens */ = {
			isa = PBXGroup;
			children = (
				E4A38C9326A0564800D041CA /* SongsPlayerView */,
				E4BE226D268B8438006E002E /* SongsInfoView */,
				E43C04D4268A2D45000FD441 /* ScheduleInfoView */,
				E43C04CF2689F455000FD441 /* MainChildInfoView */,
			);
			path = Screens;
			sourceTree = "<group>";
		};
		E43C04CF2689F455000FD441 /* MainChildInfoView */ = {
			isa = PBXGroup;
			children = (
				E43C04D02689F475000FD441 /* MainChildInfoView.xib */,
				E43C04D22689F487000FD441 /* MainChildInfoView.swift */,
			);
			path = MainChildInfoView;
			sourceTree = "<group>";
		};
		E43C04D4268A2D45000FD441 /* ScheduleInfoView */ = {
			isa = PBXGroup;
			children = (
				E43C04D5268A2D5D000FD441 /* ScheduleInfoView.xib */,
				E43C04D7268A2D74000FD441 /* ScheduleInfoView.swift */,
			);
			path = ScheduleInfoView;
			sourceTree = "<group>";
		};
		E43C04DA268B2F4C000FD441 /* CustomSwitch */ = {
			isa = PBXGroup;
			children = (
				E43C04DB268B2F79000FD441 /* CustomSwitch.swift */,
				E43C04DD268B2F9B000FD441 /* CustomSwitch.xib */,
			);
			path = CustomSwitch;
			sourceTree = "<group>";
		};
		E48943ED2685EC36007DF356 /* CustomPageControl */ = {
			isa = PBXGroup;
			children = (
				E48943EE2685ECBF007DF356 /* CustomPageControl.swift */,
				E48943F02685ECD3007DF356 /* CustomPageControl.xib */,
			);
			path = CustomPageControl;
			sourceTree = "<group>";
		};
		E48B028E268F03E60068F438 /* Common */ = {
			isa = PBXGroup;
			children = (
				E48B028F268F03F90068F438 /* ViewModelType.swift */,
				E48B029D2695E8740068F438 /* Helpers.swift */,
			);
			path = Common;
			sourceTree = "<group>";
		};
		E48B0293268F58CF0068F438 /* UserDefaults */ = {
			isa = PBXGroup;
			children = (
				E48B0294268F58F30068F438 /* UserDefaultsRepository.swift */,
			);
			path = UserDefaults;
			sourceTree = "<group>";
		};
		E48B02982694B49B0068F438 /* MainChildCard */ = {
			isa = PBXGroup;
			children = (
				E48B02992694B4B30068F438 /* MainChildCart.swift */,
			);
			path = MainChildCard;
			sourceTree = "<group>";
		};
		E48B029F2696ED010068F438 /* CustomStoriesViewCell */ = {
			isa = PBXGroup;
			children = (
				E48B02A02696ED260068F438 /* CustomStroriesViewCell.swift */,
			);
			path = CustomStoriesViewCell;
			sourceTree = "<group>";
		};
		E48B02A22696F6BB0068F438 /* CustomStoriesView */ = {
			isa = PBXGroup;
			children = (
				E48B02A32696F6DD0068F438 /* CustomStoriesView.swift */,
			);
			path = CustomStoriesView;
			sourceTree = "<group>";
		};
		E48B02A5269711A50068F438 /* ViewModels */ = {
			isa = PBXGroup;
			children = (
				E48B028C268C935F0068F438 /* OnboardingViewModel.swift */,
				E48B029B2695C1BD0068F438 /* MainViewModel.swift */,
				E48B02A6269711CA0068F438 /* StoriesViewModel.swift */,
				E4BD1C4E26988A4B00F66B08 /* EventsViewModel.swift */,
				E4A38C8F269ED60900D041CA /* SongsViewModel.swift */,
			);
			path = ViewModels;
			sourceTree = "<group>";
		};
		E4921C7D2686186700DB247D /* CustomTextField */ = {
			isa = PBXGroup;
			children = (
				E4921C7E2686188C00DB247D /* CustomTextField.swift */,
				E4921C80268618EC00DB247D /* CustomTextField.xib */,
			);
			path = CustomTextField;
			sourceTree = "<group>";
		};
		E4A38C8D269ED53100D041CA /* Views */ = {
			isa = PBXGroup;
			children = (
				E4A38E1F2684858C00E44AD8 /* Main.storyboard */,
				E48943E92685E3F4007DF356 /* Onboarding.storyboard */,
				E48B0288268C85C80068F438 /* App.storyboard */,
				E4A38E242684859100E44AD8 /* LaunchScreen.storyboard */,
			);
			path = Views;
			sourceTree = "<group>";
		};
		E4A38C8E269ED55800D041CA /* ViewControllers */ = {
			isa = PBXGroup;
			children = (
				E4A38E1D2684858C00E44AD8 /* ViewController.swift */,
				E48B028A268C85ED0068F438 /* AppViewController.swift */,
				E48943EB2685E60D007DF356 /* OnboardingViewController.swift */,
				E4DDF841269C559100BF1F1F /* HelpersViewController.swift */,
				E4DDF846269C78E900BF1F1F /* NightLightViewController.swift */,
			);
			path = ViewControllers;
			sourceTree = "<group>";
		};
		E4A38C9326A0564800D041CA /* SongsPlayerView */ = {
			isa = PBXGroup;
			children = (
				E4A38C9426A0566E00D041CA /* SongsPlayerView.swift */,
			);
			path = SongsPlayerView;
			sourceTree = "<group>";
		};
		E4A38E0D2684858C00E44AD8 = {
			isa = PBXGroup;
			children = (
				E4A38E182684858C00E44AD8 /* kidsleep */,
				E4A38E172684858C00E44AD8 /* Products */,
				D0C4DDBD483EDA3C5692E58B /* Pods */,
				0B9EA8D67179FF97DC13EF78 /* Frameworks */,
			);
			sourceTree = "<group>";
		};
		E4A38E172684858C00E44AD8 /* Products */ = {
			isa = PBXGroup;
			children = (
				E4A38E162684858C00E44AD8 /* kidsleep.app */,
			);
			name = Products;
			sourceTree = "<group>";
		};
		E4A38E182684858C00E44AD8 /* kidsleep */ = {
			isa = PBXGroup;
			children = (
				E4BD1C4626973FC000F66B08 /* Services */,
				E48B028E268F03E60068F438 /* Common */,
				E4A38E2F268486FE00E44AD8 /* Domain */,
				E4A38E2E268486F500E44AD8 /* Platform */,
				E4A38E2D268486E800E44AD8 /* Application */,
				E4A38E192684858C00E44AD8 /* AppDelegate.swift */,
				E4A38E1B2684858C00E44AD8 /* SceneDelegate.swift */,
				E4A38E222684859100E44AD8 /* Assets.xcassets */,
				E4A38E272684859100E44AD8 /* Info.plist */,
			);
			path = kidsleep;
			sourceTree = "<group>";
		};
		E4A38E2D268486E800E44AD8 /* Application */ = {
			isa = PBXGroup;
			children = (
				E4A38C8E269ED55800D041CA /* ViewControllers */,
				E4A38C8D269ED53100D041CA /* Views */,
				E48B02A5269711A50068F438 /* ViewModels */,
				E4A7F4972684E0F900BEB391 /* Extensions */,
				E4A38E332684A46C00E44AD8 /* Resources */,
				E4A38E30268499D400E44AD8 /* CustomViews */,
			);
			path = Application;
			sourceTree = "<group>";
		};
		E4A38E2E268486F500E44AD8 /* Platform */ = {
			isa = PBXGroup;
			children = (
				E48B0293268F58CF0068F438 /* UserDefaults */,
				E48B0296268F59050068F438 /* Repository.swift */,
			);
			path = Platform;
			sourceTree = "<group>";
		};
		E4A38E2F268486FE00E44AD8 /* Domain */ = {
			isa = PBXGroup;
			children = (
				E48B0291268F58AC0068F438 /* UserInfo.swift */,
				E48B02A82697269C0068F438 /* Story.swift */,
				E4BD1C4C269872EF00F66B08 /* Events.swift */,
				E48BE64E269DA48600B8C8D3 /* Song.swift */,
			);
			path = Domain;
			sourceTree = "<group>";
		};
		E4A38E30268499D400E44AD8 /* CustomViews */ = {
			isa = PBXGroup;
			children = (
				E43C04CE2689F44B000FD441 /* Screens */,
				E43C04CD2689F43B000FD441 /* Components */,
			);
			path = CustomViews;
			sourceTree = "<group>";
		};
		E4A38E332684A46C00E44AD8 /* Resources */ = {
			isa = PBXGroup;
			children = (
				E4A7F4892684B1A400BEB391 /* Fonts */,
			);
			path = Resources;
			sourceTree = "<group>";
		};
		E4A7F4892684B1A400BEB391 /* Fonts */ = {
			isa = PBXGroup;
			children = (
				E4A7F48A2684B1BC00BEB391 /* Montserrat-Black.ttf */,
				E4A7F48C2684B1CE00BEB391 /* Montserrat-Bold.ttf */,
				E4A7F48E2684B1D900BEB391 /* Montserrat-Medium.ttf */,
				E4A7F4952684DF4D00BEB391 /* Montserrat-SemiBold.ttf */,
			);
			path = Fonts;
			sourceTree = "<group>";
		};
		E4A7F4902684C1A400BEB391 /* CustomButton */ = {
			isa = PBXGroup;
			children = (
				E4A7F4912684C23100BEB391 /* CustomButton.swift */,
				E4A7F4922684C23100BEB391 /* CustomButton.xib */,
			);
			path = CustomButton;
			sourceTree = "<group>";
		};
		E4A7F4972684E0F900BEB391 /* Extensions */ = {
			isa = PBXGroup;
			children = (
				E4A7F4982684E11100BEB391 /* Extensions.swift */,
			);
			path = Extensions;
			sourceTree = "<group>";
		};
		E4BD1C4626973FC000F66B08 /* Services */ = {
			isa = PBXGroup;
			children = (
				E4BD1C4726973FDF00F66B08 /* APICaller.swift */,
				E4A38C9126A0343500D041CA /* OnboardingManager.swift */,
			);
			path = Services;
			sourceTree = "<group>";
		};
		E4BD1C49269846A300F66B08 /* CustomEventsView */ = {
			isa = PBXGroup;
			children = (
				E4BD1C4A269846B600F66B08 /* CustomEventsView.swift */,
			);
			path = CustomEventsView;
			sourceTree = "<group>";
		};
		E4BE226D268B8438006E002E /* SongsInfoView */ = {
			isa = PBXGroup;
			children = (
				E4BE2270268B8583006E002E /* SongsInfoView.xib */,
				E4BE2272268B877D006E002E /* SongsInfoView.swift */,
			);
			path = SongsInfoView;
			sourceTree = "<group>";
		};
		E4DDF843269C59CF00BF1F1F /* CustomSlider */ = {
			isa = PBXGroup;
			children = (
				E4DDF844269C59E300BF1F1F /* CustomSlider.swift */,
			);
			path = CustomSlider;
			sourceTree = "<group>";
		};
/* End PBXGroup section */

/* Begin PBXNativeTarget section */
		E4A38E152684858C00E44AD8 /* kidsleep */ = {
			isa = PBXNativeTarget;
			buildConfigurationList = E4A38E2A2684859100E44AD8 /* Build configuration list for PBXNativeTarget "kidsleep" */;
			buildPhases = (
				BF3E5D635807BCCD6EDFC024 /* [CP] Check Pods Manifest.lock */,
				E4A38E122684858C00E44AD8 /* Sources */,
				E4A38E132684858C00E44AD8 /* Frameworks */,
				E4A38E142684858C00E44AD8 /* Resources */,
				E09AF02883689983535129A4 /* [CP] Embed Pods Frameworks */,
			);
			buildRules = (
			);
			dependencies = (
			);
			name = kidsleep;
			productName = kidsleep;
			productReference = E4A38E162684858C00E44AD8 /* kidsleep.app */;
			productType = "com.apple.product-type.application";
		};
/* End PBXNativeTarget section */

/* Begin PBXProject section */
		E4A38E0E2684858C00E44AD8 /* Project object */ = {
			isa = PBXProject;
			attributes = {
				LastSwiftUpdateCheck = 1250;
				LastUpgradeCheck = 1250;
				TargetAttributes = {
					E4A38E152684858C00E44AD8 = {
						CreatedOnToolsVersion = 12.5;
					};
				};
			};
			buildConfigurationList = E4A38E112684858C00E44AD8 /* Build configuration list for PBXProject "kidsleep" */;
			compatibilityVersion = "Xcode 9.3";
			developmentRegion = en;
			hasScannedForEncodings = 0;
			knownRegions = (
				en,
				Base,
			);
			mainGroup = E4A38E0D2684858C00E44AD8;
			productRefGroup = E4A38E172684858C00E44AD8 /* Products */;
			projectDirPath = "";
			projectRoot = "";
			targets = (
				E4A38E152684858C00E44AD8 /* kidsleep */,
			);
		};
/* End PBXProject section */

/* Begin PBXResourcesBuildPhase section */
		E4A38E142684858C00E44AD8 /* Resources */ = {
			isa = PBXResourcesBuildPhase;
			buildActionMask = 2147483647;
			files = (
				E4A7F48D2684B1CE00BEB391 /* Montserrat-Bold.ttf in Resources */,
				E48943F12685ECD3007DF356 /* CustomPageControl.xib in Resources */,
				E43C04DE268B2F9B000FD441 /* CustomSwitch.xib in Resources */,
				E43C04D12689F475000FD441 /* MainChildInfoView.xib in Resources */,
				E4A38E262684859100E44AD8 /* LaunchScreen.storyboard in Resources */,
				E4A7F4942684C23100BEB391 /* CustomButton.xib in Resources */,
				E4A7F48B2684B1BC00BEB391 /* Montserrat-Black.ttf in Resources */,
				E4A38E232684859100E44AD8 /* Assets.xcassets in Resources */,
				E4A7F48F2684B1D900BEB391 /* Montserrat-Medium.ttf in Resources */,
				E439A4892685F8B80056FA74 /* CustomSegmentControl.xib in Resources */,
				E43C04D6268A2D5D000FD441 /* ScheduleInfoView.xib in Resources */,
				E4921C81268618EC00DB247D /* CustomTextField.xib in Resources */,
				E423D9CA268B782800DF2222 /* CustomSongView.xib in Resources */,
				E48943EA2685E3F4007DF356 /* Onboarding.storyboard in Resources */,
				E48B0289268C85C80068F438 /* App.storyboard in Resources */,
				E4BE2271268B8583006E002E /* SongsInfoView.xib in Resources */,
				E4A7F4962684DF4E00BEB391 /* Montserrat-SemiBold.ttf in Resources */,
				E42B95B52689DF7300F2312E /* CustomTimePicker.xib in Resources */,
				E42B95AE2689C09900F2312E /* CustomDataPicker.xib in Resources */,
				E4A38E212684858C00E44AD8 /* Main.storyboard in Resources */,
			);
			runOnlyForDeploymentPostprocessing = 0;
		};
/* End PBXResourcesBuildPhase section */

/* Begin PBXShellScriptBuildPhase section */
		BF3E5D635807BCCD6EDFC024 /* [CP] Check Pods Manifest.lock */ = {
			isa = PBXShellScriptBuildPhase;
			buildActionMask = 2147483647;
			files = (
			);
			inputFileListPaths = (
			);
			inputPaths = (
				"${PODS_PODFILE_DIR_PATH}/Podfile.lock",
				"${PODS_ROOT}/Manifest.lock",
			);
			name = "[CP] Check Pods Manifest.lock";
			outputFileListPaths = (
			);
			outputPaths = (
				"$(DERIVED_FILE_DIR)/Pods-kidsleep-checkManifestLockResult.txt",
			);
			runOnlyForDeploymentPostprocessing = 0;
			shellPath = /bin/sh;
			shellScript = "diff \"${PODS_PODFILE_DIR_PATH}/Podfile.lock\" \"${PODS_ROOT}/Manifest.lock\" > /dev/null\nif [ $? != 0 ] ; then\n    # print error to STDERR\n    echo \"error: The sandbox is not in sync with the Podfile.lock. Run 'pod install' or update your CocoaPods installation.\" >&2\n    exit 1\nfi\n# This output is used by Xcode 'outputs' to avoid re-running this script phase.\necho \"SUCCESS\" > \"${SCRIPT_OUTPUT_FILE_0}\"\n";
			showEnvVarsInLog = 0;
		};
		E09AF02883689983535129A4 /* [CP] Embed Pods Frameworks */ = {
			isa = PBXShellScriptBuildPhase;
			buildActionMask = 2147483647;
			files = (
			);
			inputFileListPaths = (
				"${PODS_ROOT}/Target Support Files/Pods-kidsleep/Pods-kidsleep-frameworks-${CONFIGURATION}-input-files.xcfilelist",
			);
			name = "[CP] Embed Pods Frameworks";
			outputFileListPaths = (
				"${PODS_ROOT}/Target Support Files/Pods-kidsleep/Pods-kidsleep-frameworks-${CONFIGURATION}-output-files.xcfilelist",
			);
			runOnlyForDeploymentPostprocessing = 0;
			shellPath = /bin/sh;
			shellScript = "\"${PODS_ROOT}/Target Support Files/Pods-kidsleep/Pods-kidsleep-frameworks.sh\"\n";
			showEnvVarsInLog = 0;
		};
/* End PBXShellScriptBuildPhase section */

/* Begin PBXSourcesBuildPhase section */
		E4A38E122684858C00E44AD8 /* Sources */ = {
			isa = PBXSourcesBuildPhase;
			buildActionMask = 2147483647;
			files = (
				E4DDF842269C559100BF1F1F /* HelpersViewController.swift in Sources */,
				E48B02A7269711CA0068F438 /* StoriesViewModel.swift in Sources */,
				E4A38C9526A0566E00D041CA /* SongsPlayerView.swift in Sources */,
				E4A38E1E2684858C00E44AD8 /* ViewController.swift in Sources */,
				E4A7F4992684E11100BEB391 /* Extensions.swift in Sources */,
				E4A38E1A2684858C00E44AD8 /* AppDelegate.swift in Sources */,
				E48943EF2685ECBF007DF356 /* CustomPageControl.swift in Sources */,
				E42B95B02689C1E500F2312E /* CustomDataPicker.swift in Sources */,
				E48B029C2695C1BD0068F438 /* MainViewModel.swift in Sources */,
				E423D9C8268B780500DF2222 /* CustomSongView.swift in Sources */,
				E4A38C9226A0343500D041CA /* OnboardingManager.swift in Sources */,
				E48B028B268C85ED0068F438 /* AppViewController.swift in Sources */,
				E42B95B72689DF8200F2312E /* CustomTimePicker.swift in Sources */,
				E4BE2273268B877D006E002E /* SongsInfoView.swift in Sources */,
				E43C04D8268A2D74000FD441 /* ScheduleInfoView.swift in Sources */,
				E4921C7F2686188C00DB247D /* CustomTextField.swift in Sources */,
				E48B0297268F59050068F438 /* Repository.swift in Sources */,
				E4DDF845269C59E300BF1F1F /* CustomSlider.swift in Sources */,
				E4BD1C4D269872EF00F66B08 /* Events.swift in Sources */,
				E43C04D32689F487000FD441 /* MainChildInfoView.swift in Sources */,
				E4BD1C4B269846B600F66B08 /* CustomEventsView.swift in Sources */,
				E4A38E32268499ED00E44AD8 /* GradientView.swift in Sources */,
				E43C04DC268B2F79000FD441 /* CustomSwitch.swift in Sources */,
				E4A38C90269ED60900D041CA /* SongsViewModel.swift in Sources */,
				E48B02A42696F6DD0068F438 /* CustomStoriesView.swift in Sources */,
				E4DDF847269C78E900BF1F1F /* NightLightViewController.swift in Sources */,
				E439A4872685F7910056FA74 /* CustomSegmentedControl.swift in Sources */,
				E48BE64F269DA48600B8C8D3 /* Song.swift in Sources */,
				E48B028D268C935F0068F438 /* OnboardingViewModel.swift in Sources */,
				E48B02A12696ED260068F438 /* CustomStroriesViewCell.swift in Sources */,
				E48943EC2685E60D007DF356 /* OnboardingViewController.swift in Sources */,
				E4A7F4932684C23100BEB391 /* CustomButton.swift in Sources */,
				E4BD1C4F26988A4B00F66B08 /* EventsViewModel.swift in Sources */,
				E4BD1C4826973FDF00F66B08 /* APICaller.swift in Sources */,
				E4A38E1C2684858C00E44AD8 /* SceneDelegate.swift in Sources */,
				E42B95B22689D61900F2312E /* CustomInput.swift in Sources */,
				E48B029E2695E8740068F438 /* Helpers.swift in Sources */,
				E48B02A92697269C0068F438 /* Story.swift in Sources */,
				E48B0292268F58AD0068F438 /* UserInfo.swift in Sources */,
				E48B0295268F58F30068F438 /* UserDefaultsRepository.swift in Sources */,
				E48B0290268F03F90068F438 /* ViewModelType.swift in Sources */,
				E48B029A2694B4B30068F438 /* MainChildCart.swift in Sources */,
			);
			runOnlyForDeploymentPostprocessing = 0;
		};
/* End PBXSourcesBuildPhase section */

/* Begin PBXVariantGroup section */
		E4A38E1F2684858C00E44AD8 /* Main.storyboard */ = {
			isa = PBXVariantGroup;
			children = (
				E4A38E202684858C00E44AD8 /* Base */,
			);
			name = Main.storyboard;
			sourceTree = "<group>";
		};
		E4A38E242684859100E44AD8 /* LaunchScreen.storyboard */ = {
			isa = PBXVariantGroup;
			children = (
				E4A38E252684859100E44AD8 /* Base */,
			);
			name = LaunchScreen.storyboard;
			sourceTree = "<group>";
		};
/* End PBXVariantGroup section */

/* Begin XCBuildConfiguration section */
		E4A38E282684859100E44AD8 /* Debug */ = {
			isa = XCBuildConfiguration;
			buildSettings = {
				ALWAYS_SEARCH_USER_PATHS = NO;
				CLANG_ANALYZER_NONNULL = YES;
				CLANG_ANALYZER_NUMBER_OBJECT_CONVERSION = YES_AGGRESSIVE;
				CLANG_CXX_LANGUAGE_STANDARD = "gnu++14";
				CLANG_CXX_LIBRARY = "libc++";
				CLANG_ENABLE_MODULES = YES;
				CLANG_ENABLE_OBJC_ARC = YES;
				CLANG_ENABLE_OBJC_WEAK = YES;
				CLANG_WARN_BLOCK_CAPTURE_AUTORELEASING = YES;
				CLANG_WARN_BOOL_CONVERSION = YES;
				CLANG_WARN_COMMA = YES;
				CLANG_WARN_CONSTANT_CONVERSION = YES;
				CLANG_WARN_DEPRECATED_OBJC_IMPLEMENTATIONS = YES;
				CLANG_WARN_DIRECT_OBJC_ISA_USAGE = YES_ERROR;
				CLANG_WARN_DOCUMENTATION_COMMENTS = YES;
				CLANG_WARN_EMPTY_BODY = YES;
				CLANG_WARN_ENUM_CONVERSION = YES;
				CLANG_WARN_INFINITE_RECURSION = YES;
				CLANG_WARN_INT_CONVERSION = YES;
				CLANG_WARN_NON_LITERAL_NULL_CONVERSION = YES;
				CLANG_WARN_OBJC_IMPLICIT_RETAIN_SELF = YES;
				CLANG_WARN_OBJC_LITERAL_CONVERSION = YES;
				CLANG_WARN_OBJC_ROOT_CLASS = YES_ERROR;
				CLANG_WARN_QUOTED_INCLUDE_IN_FRAMEWORK_HEADER = YES;
				CLANG_WARN_RANGE_LOOP_ANALYSIS = YES;
				CLANG_WARN_STRICT_PROTOTYPES = YES;
				CLANG_WARN_SUSPICIOUS_MOVE = YES;
				CLANG_WARN_UNGUARDED_AVAILABILITY = YES_AGGRESSIVE;
				CLANG_WARN_UNREACHABLE_CODE = YES;
				CLANG_WARN__DUPLICATE_METHOD_MATCH = YES;
				COPY_PHASE_STRIP = NO;
				DEBUG_INFORMATION_FORMAT = dwarf;
				ENABLE_STRICT_OBJC_MSGSEND = YES;
				ENABLE_TESTABILITY = YES;
				GCC_C_LANGUAGE_STANDARD = gnu11;
				GCC_DYNAMIC_NO_PIC = NO;
				GCC_NO_COMMON_BLOCKS = YES;
				GCC_OPTIMIZATION_LEVEL = 0;
				GCC_PREPROCESSOR_DEFINITIONS = (
					"DEBUG=1",
					"$(inherited)",
				);
				GCC_WARN_64_TO_32_BIT_CONVERSION = YES;
				GCC_WARN_ABOUT_RETURN_TYPE = YES_ERROR;
				GCC_WARN_UNDECLARED_SELECTOR = YES;
				GCC_WARN_UNINITIALIZED_AUTOS = YES_AGGRESSIVE;
				GCC_WARN_UNUSED_FUNCTION = YES;
				GCC_WARN_UNUSED_VARIABLE = YES;
				IPHONEOS_DEPLOYMENT_TARGET = 14.5;
				MTL_ENABLE_DEBUG_INFO = INCLUDE_SOURCE;
				MTL_FAST_MATH = YES;
				ONLY_ACTIVE_ARCH = YES;
				SDKROOT = iphoneos;
				SWIFT_ACTIVE_COMPILATION_CONDITIONS = DEBUG;
				SWIFT_OPTIMIZATION_LEVEL = "-Onone";
			};
			name = Debug;
		};
		E4A38E292684859100E44AD8 /* Release */ = {
			isa = XCBuildConfiguration;
			buildSettings = {
				ALWAYS_SEARCH_USER_PATHS = NO;
				CLANG_ANALYZER_NONNULL = YES;
				CLANG_ANALYZER_NUMBER_OBJECT_CONVERSION = YES_AGGRESSIVE;
				CLANG_CXX_LANGUAGE_STANDARD = "gnu++14";
				CLANG_CXX_LIBRARY = "libc++";
				CLANG_ENABLE_MODULES = YES;
				CLANG_ENABLE_OBJC_ARC = YES;
				CLANG_ENABLE_OBJC_WEAK = YES;
				CLANG_WARN_BLOCK_CAPTURE_AUTORELEASING = YES;
				CLANG_WARN_BOOL_CONVERSION = YES;
				CLANG_WARN_COMMA = YES;
				CLANG_WARN_CONSTANT_CONVERSION = YES;
				CLANG_WARN_DEPRECATED_OBJC_IMPLEMENTATIONS = YES;
				CLANG_WARN_DIRECT_OBJC_ISA_USAGE = YES_ERROR;
				CLANG_WARN_DOCUMENTATION_COMMENTS = YES;
				CLANG_WARN_EMPTY_BODY = YES;
				CLANG_WARN_ENUM_CONVERSION = YES;
				CLANG_WARN_INFINITE_RECURSION = YES;
				CLANG_WARN_INT_CONVERSION = YES;
				CLANG_WARN_NON_LITERAL_NULL_CONVERSION = YES;
				CLANG_WARN_OBJC_IMPLICIT_RETAIN_SELF = YES;
				CLANG_WARN_OBJC_LITERAL_CONVERSION = YES;
				CLANG_WARN_OBJC_ROOT_CLASS = YES_ERROR;
				CLANG_WARN_QUOTED_INCLUDE_IN_FRAMEWORK_HEADER = YES;
				CLANG_WARN_RANGE_LOOP_ANALYSIS = YES;
				CLANG_WARN_STRICT_PROTOTYPES = YES;
				CLANG_WARN_SUSPICIOUS_MOVE = YES;
				CLANG_WARN_UNGUARDED_AVAILABILITY = YES_AGGRESSIVE;
				CLANG_WARN_UNREACHABLE_CODE = YES;
				CLANG_WARN__DUPLICATE_METHOD_MATCH = YES;
				COPY_PHASE_STRIP = NO;
				DEBUG_INFORMATION_FORMAT = "dwarf-with-dsym";
				ENABLE_NS_ASSERTIONS = NO;
				ENABLE_STRICT_OBJC_MSGSEND = YES;
				GCC_C_LANGUAGE_STANDARD = gnu11;
				GCC_NO_COMMON_BLOCKS = YES;
				GCC_WARN_64_TO_32_BIT_CONVERSION = YES;
				GCC_WARN_ABOUT_RETURN_TYPE = YES_ERROR;
				GCC_WARN_UNDECLARED_SELECTOR = YES;
				GCC_WARN_UNINITIALIZED_AUTOS = YES_AGGRESSIVE;
				GCC_WARN_UNUSED_FUNCTION = YES;
				GCC_WARN_UNUSED_VARIABLE = YES;
				IPHONEOS_DEPLOYMENT_TARGET = 14.5;
				MTL_ENABLE_DEBUG_INFO = NO;
				MTL_FAST_MATH = YES;
				SDKROOT = iphoneos;
				SWIFT_COMPILATION_MODE = wholemodule;
				SWIFT_OPTIMIZATION_LEVEL = "-O";
				VALIDATE_PRODUCT = YES;
			};
			name = Release;
		};
		E4A38E2B2684859100E44AD8 /* Debug */ = {
			isa = XCBuildConfiguration;
			baseConfigurationReference = BB8E9E1697F0288782162630 /* Pods-kidsleep.debug.xcconfig */;
			buildSettings = {
				ASSETCATALOG_COMPILER_APPICON_NAME = AppIcon;
				ASSETCATALOG_COMPILER_GLOBAL_ACCENT_COLOR_NAME = AccentColor;
				CODE_SIGN_STYLE = Automatic;
				DEVELOPMENT_TEAM = 27FY4CLLLY;
				INFOPLIST_FILE = kidsleep/Info.plist;
				LD_RUNPATH_SEARCH_PATHS = (
					"$(inherited)",
					"@executable_path/Frameworks",
				);
				PRODUCT_BUNDLE_IDENTIFIER = test.kidsleep;
				PRODUCT_NAME = "$(TARGET_NAME)";
				SWIFT_VERSION = 5.0;
				TARGETED_DEVICE_FAMILY = "1,2";
			};
			name = Debug;
		};
		E4A38E2C2684859100E44AD8 /* Release */ = {
			isa = XCBuildConfiguration;
			baseConfigurationReference = F70EED7B90386BD4BD42E74D /* Pods-kidsleep.release.xcconfig */;
			buildSettings = {
				ASSETCATALOG_COMPILER_APPICON_NAME = AppIcon;
				ASSETCATALOG_COMPILER_GLOBAL_ACCENT_COLOR_NAME = AccentColor;
				CODE_SIGN_STYLE = Automatic;
				DEVELOPMENT_TEAM = 27FY4CLLLY;
				INFOPLIST_FILE = kidsleep/Info.plist;
				LD_RUNPATH_SEARCH_PATHS = (
					"$(inherited)",
					"@executable_path/Frameworks",
				);
				PRODUCT_BUNDLE_IDENTIFIER = test.kidsleep;
				PRODUCT_NAME = "$(TARGET_NAME)";
				SWIFT_VERSION = 5.0;
				TARGETED_DEVICE_FAMILY = "1,2";
			};
			name = Release;
		};
/* End XCBuildConfiguration section */

/* Begin XCConfigurationList section */
		E4A38E112684858C00E44AD8 /* Build configuration list for PBXProject "kidsleep" */ = {
			isa = XCConfigurationList;
			buildConfigurations = (
				E4A38E282684859100E44AD8 /* Debug */,
				E4A38E292684859100E44AD8 /* Release */,
			);
			defaultConfigurationIsVisible = 0;
			defaultConfigurationName = Release;
		};
		E4A38E2A2684859100E44AD8 /* Build configuration list for PBXNativeTarget "kidsleep" */ = {
			isa = XCConfigurationList;
			buildConfigurations = (
				E4A38E2B2684859100E44AD8 /* Debug */,
				E4A38E2C2684859100E44AD8 /* Release */,
			);
			defaultConfigurationIsVisible = 0;
			defaultConfigurationName = Release;
		};
/* End XCConfigurationList section */
	};
	rootObject = E4A38E0E2684858C00E44AD8 /* Project object */;
}
