// !$*UTF8*$!
{
	archiveVersion = 1;
	classes = {
	};
	objectVersion = 51;
	objects = {

/* Begin PBXBuildFile section */
		C9B816951AC9B9B8F4C39896 /* Pods_kidsleep.framework in Frameworks */ = {isa = PBXBuildFile; fileRef = BFACB7F9EBE269C007A138AE /* Pods_kidsleep.framework */; };
		E42B95AE2689C09900F2312E /* CustomDataPicker.xib in Resources */ = {isa = PBXBuildFile; fileRef = E42B95AD2689C09900F2312E /* CustomDataPicker.xib */; };
		E42B95B02689C1E500F2312E /* CustomDataPicker.swift in Sources */ = {isa = PBXBuildFile; fileRef = E42B95AF2689C1E500F2312E /* CustomDataPicker.swift */; };
		E42B95B22689D61900F2312E /* CustomInput.swift in Sources */ = {isa = PBXBuildFile; fileRef = E42B95B12689D61900F2312E /* CustomInput.swift */; };
		E439A4872685F7910056FA74 /* CustomSegmentedControl.swift in Sources */ = {isa = PBXBuildFile; fileRef = E439A4862685F7910056FA74 /* CustomSegmentedControl.swift */; };
		E439A4892685F8B80056FA74 /* CustomSegmentControl.xib in Resources */ = {isa = PBXBuildFile; fileRef = E439A4882685F8B80056FA74 /* CustomSegmentControl.xib */; };
		E48943EA2685E3F4007DF356 /* Onboarding.storyboard in Resources */ = {isa = PBXBuildFile; fileRef = E48943E92685E3F4007DF356 /* Onboarding.storyboard */; };
		E48943EC2685E60D007DF356 /* OnboardingViewController.swift in Sources */ = {isa = PBXBuildFile; fileRef = E48943EB2685E60D007DF356 /* OnboardingViewController.swift */; };
		E48943EF2685ECBF007DF356 /* CustomPageControl.swift in Sources */ = {isa = PBXBuildFile; fileRef = E48943EE2685ECBF007DF356 /* CustomPageControl.swift */; };
		E48943F12685ECD3007DF356 /* CustomPageControl.xib in Resources */ = {isa = PBXBuildFile; fileRef = E48943F02685ECD3007DF356 /* CustomPageControl.xib */; };
		E4921C7F2686188C00DB247D /* CustomTextField.swift in Sources */ = {isa = PBXBuildFile; fileRef = E4921C7E2686188C00DB247D /* CustomTextField.swift */; };
		E4921C81268618EC00DB247D /* CustomTextField.xib in Resources */ = {isa = PBXBuildFile; fileRef = E4921C80268618EC00DB247D /* CustomTextField.xib */; };
		E4A38E1A2684858C00E44AD8 /* AppDelegate.swift in Sources */ = {isa = PBXBuildFile; fileRef = E4A38E192684858C00E44AD8 /* AppDelegate.swift */; };
		E4A38E1C2684858C00E44AD8 /* SceneDelegate.swift in Sources */ = {isa = PBXBuildFile; fileRef = E4A38E1B2684858C00E44AD8 /* SceneDelegate.swift */; };
		E4A38E1E2684858C00E44AD8 /* ViewController.swift in Sources */ = {isa = PBXBuildFile; fileRef = E4A38E1D2684858C00E44AD8 /* ViewController.swift */; };
		E4A38E212684858C00E44AD8 /* Main.storyboard in Resources */ = {isa = PBXBuildFile; fileRef = E4A38E1F2684858C00E44AD8 /* Main.storyboard */; };
		E4A38E232684859100E44AD8 /* Assets.xcassets in Resources */ = {isa = PBXBuildFile; fileRef = E4A38E222684859100E44AD8 /* Assets.xcassets */; };
		E4A38E262684859100E44AD8 /* LaunchScreen.storyboard in Resources */ = {isa = PBXBuildFile; fileRef = E4A38E242684859100E44AD8 /* LaunchScreen.storyboard */; };
		E4A38E32268499ED00E44AD8 /* GradientView.swift in Sources */ = {isa = PBXBuildFile; fileRef = E4A38E31268499ED00E44AD8 /* GradientView.swift */; };
		E4A7F48B2684B1BC00BEB391 /* Montserrat-Black.ttf in Resources */ = {isa = PBXBuildFile; fileRef = E4A7F48A2684B1BC00BEB391 /* Montserrat-Black.ttf */; };
		E4A7F48D2684B1CE00BEB391 /* Montserrat-Bold.ttf in Resources */ = {isa = PBXBuildFile; fileRef = E4A7F48C2684B1CE00BEB391 /* Montserrat-Bold.ttf */; };
		E4A7F48F2684B1D900BEB391 /* Montserrat-Medium.ttf in Resources */ = {isa = PBXBuildFile; fileRef = E4A7F48E2684B1D900BEB391 /* Montserrat-Medium.ttf */; };
		E4A7F4932684C23100BEB391 /* CustomButton.swift in Sources */ = {isa = PBXBuildFile; fileRef = E4A7F4912684C23100BEB391 /* CustomButton.swift */; };
		E4A7F4942684C23100BEB391 /* CustomButton.xib in Resources */ = {isa = PBXBuildFile; fileRef = E4A7F4922684C23100BEB391 /* CustomButton.xib */; };
		E4A7F4962684DF4E00BEB391 /* Montserrat-SemiBold.ttf in Resources */ = {isa = PBXBuildFile; fileRef = E4A7F4952684DF4D00BEB391 /* Montserrat-SemiBold.ttf */; };
		E4A7F4992684E11100BEB391 /* Extensions.swift in Sources */ = {isa = PBXBuildFile; fileRef = E4A7F4982684E11100BEB391 /* Extensions.swift */; };
/* End PBXBuildFile section */

/* Begin PBXFileReference section */
		BB8E9E1697F0288782162630 /* Pods-kidsleep.debug.xcconfig */ = {isa = PBXFileReference; includeInIndex = 1; lastKnownFileType = text.xcconfig; name = "Pods-kidsleep.debug.xcconfig"; path = "Target Support Files/Pods-kidsleep/Pods-kidsleep.debug.xcconfig"; sourceTree = "<group>"; };
		BFACB7F9EBE269C007A138AE /* Pods_kidsleep.framework */ = {isa = PBXFileReference; explicitFileType = wrapper.framework; includeInIndex = 0; path = Pods_kidsleep.framework; sourceTree = BUILT_PRODUCTS_DIR; };
		E42B95AD2689C09900F2312E /* CustomDataPicker.xib */ = {isa = PBXFileReference; lastKnownFileType = file.xib; path = CustomDataPicker.xib; sourceTree = "<group>"; };
		E42B95AF2689C1E500F2312E /* CustomDataPicker.swift */ = {isa = PBXFileReference; lastKnownFileType = sourcecode.swift; path = CustomDataPicker.swift; sourceTree = "<group>"; };
		E42B95B12689D61900F2312E /* CustomInput.swift */ = {isa = PBXFileReference; lastKnownFileType = sourcecode.swift; path = CustomInput.swift; sourceTree = "<group>"; };
		E439A4862685F7910056FA74 /* CustomSegmentedControl.swift */ = {isa = PBXFileReference; lastKnownFileType = sourcecode.swift; path = CustomSegmentedControl.swift; sourceTree = "<group>"; };
		E439A4882685F8B80056FA74 /* CustomSegmentControl.xib */ = {isa = PBXFileReference; lastKnownFileType = file.xib; path = CustomSegmentControl.xib; sourceTree = "<group>"; };
		E48943E92685E3F4007DF356 /* Onboarding.storyboard */ = {isa = PBXFileReference; lastKnownFileType = file.storyboard; path = Onboarding.storyboard; sourceTree = "<group>"; };
		E48943EB2685E60D007DF356 /* OnboardingViewController.swift */ = {isa = PBXFileReference; lastKnownFileType = sourcecode.swift; path = OnboardingViewController.swift; sourceTree = "<group>"; };
		E48943EE2685ECBF007DF356 /* CustomPageControl.swift */ = {isa = PBXFileReference; lastKnownFileType = sourcecode.swift; path = CustomPageControl.swift; sourceTree = "<group>"; };
		E48943F02685ECD3007DF356 /* CustomPageControl.xib */ = {isa = PBXFileReference; lastKnownFileType = file.xib; path = CustomPageControl.xib; sourceTree = "<group>"; };
		E4921C7E2686188C00DB247D /* CustomTextField.swift */ = {isa = PBXFileReference; lastKnownFileType = sourcecode.swift; path = CustomTextField.swift; sourceTree = "<group>"; };
		E4921C80268618EC00DB247D /* CustomTextField.xib */ = {isa = PBXFileReference; lastKnownFileType = file.xib; path = CustomTextField.xib; sourceTree = "<group>"; };
		E4A38E162684858C00E44AD8 /* kidsleep.app */ = {isa = PBXFileReference; explicitFileType = wrapper.application; includeInIndex = 0; path = kidsleep.app; sourceTree = BUILT_PRODUCTS_DIR; };
		E4A38E192684858C00E44AD8 /* AppDelegate.swift */ = {isa = PBXFileReference; lastKnownFileType = sourcecode.swift; path = AppDelegate.swift; sourceTree = "<group>"; };
		E4A38E1B2684858C00E44AD8 /* SceneDelegate.swift */ = {isa = PBXFileReference; lastKnownFileType = sourcecode.swift; path = SceneDelegate.swift; sourceTree = "<group>"; };
		E4A38E1D2684858C00E44AD8 /* ViewController.swift */ = {isa = PBXFileReference; lastKnownFileType = sourcecode.swift; path = ViewController.swift; sourceTree = "<group>"; };
		E4A38E202684858C00E44AD8 /* Base */ = {isa = PBXFileReference; lastKnownFileType = file.storyboard; name = Base; path = Base.lproj/Main.storyboard; sourceTree = "<group>"; };
		E4A38E222684859100E44AD8 /* Assets.xcassets */ = {isa = PBXFileReference; lastKnownFileType = folder.assetcatalog; path = Assets.xcassets; sourceTree = "<group>"; };
		E4A38E252684859100E44AD8 /* Base */ = {isa = PBXFileReference; lastKnownFileType = file.storyboard; name = Base; path = Base.lproj/LaunchScreen.storyboard; sourceTree = "<group>"; };
		E4A38E272684859100E44AD8 /* Info.plist */ = {isa = PBXFileReference; lastKnownFileType = text.plist.xml; path = Info.plist; sourceTree = "<group>"; };
		E4A38E31268499ED00E44AD8 /* GradientView.swift */ = {isa = PBXFileReference; lastKnownFileType = sourcecode.swift; path = GradientView.swift; sourceTree = "<group>"; };
		E4A7F48A2684B1BC00BEB391 /* Montserrat-Black.ttf */ = {isa = PBXFileReference; lastKnownFileType = file; path = "Montserrat-Black.ttf"; sourceTree = "<group>"; };
		E4A7F48C2684B1CE00BEB391 /* Montserrat-Bold.ttf */ = {isa = PBXFileReference; lastKnownFileType = file; path = "Montserrat-Bold.ttf"; sourceTree = "<group>"; };
		E4A7F48E2684B1D900BEB391 /* Montserrat-Medium.ttf */ = {isa = PBXFileReference; lastKnownFileType = file; path = "Montserrat-Medium.ttf"; sourceTree = "<group>"; };
		E4A7F4912684C23100BEB391 /* CustomButton.swift */ = {isa = PBXFileReference; lastKnownFileType = sourcecode.swift; path = CustomButton.swift; sourceTree = "<group>"; };
		E4A7F4922684C23100BEB391 /* CustomButton.xib */ = {isa = PBXFileReference; lastKnownFileType = file.xib; path = CustomButton.xib; sourceTree = "<group>"; };
		E4A7F4952684DF4D00BEB391 /* Montserrat-SemiBold.ttf */ = {isa = PBXFileReference; lastKnownFileType = file; path = "Montserrat-SemiBold.ttf"; sourceTree = "<group>"; };
		E4A7F4982684E11100BEB391 /* Extensions.swift */ = {isa = PBXFileReference; lastKnownFileType = sourcecode.swift; path = Extensions.swift; sourceTree = "<group>"; };
		F70EED7B90386BD4BD42E74D /* Pods-kidsleep.release.xcconfig */ = {isa = PBXFileReference; includeInIndex = 1; lastKnownFileType = text.xcconfig; name = "Pods-kidsleep.release.xcconfig"; path = "Target Support Files/Pods-kidsleep/Pods-kidsleep.release.xcconfig"; sourceTree = "<group>"; };
/* End PBXFileReference section */

/* Begin PBXFrameworksBuildPhase section */
		E4A38E132684858C00E44AD8 /* Frameworks */ = {
			isa = PBXFrameworksBuildPhase;
			buildActionMask = 2147483647;
			files = (
				C9B816951AC9B9B8F4C39896 /* Pods_kidsleep.framework in Frameworks */,
			);
			runOnlyForDeploymentPostprocessing = 0;
		};
/* End PBXFrameworksBuildPhase section */

/* Begin PBXGroup section */
		0B9EA8D67179FF97DC13EF78 /* Frameworks */ = {
			isa = PBXGroup;
			children = (
				BFACB7F9EBE269C007A138AE /* Pods_kidsleep.framework */,
			);
			name = Frameworks;
			sourceTree = "<group>";
		};
		D0C4DDBD483EDA3C5692E58B /* Pods */ = {
			isa = PBXGroup;
			children = (
				BB8E9E1697F0288782162630 /* Pods-kidsleep.debug.xcconfig */,
				F70EED7B90386BD4BD42E74D /* Pods-kidsleep.release.xcconfig */,
			);
			path = Pods;
			sourceTree = "<group>";
		};
		E42B95AC2689C08500F2312E /* CustomDataPicker */ = {
			isa = PBXGroup;
			children = (
				E42B95AD2689C09900F2312E /* CustomDataPicker.xib */,
				E42B95AF2689C1E500F2312E /* CustomDataPicker.swift */,
			);
			path = CustomDataPicker;
			sourceTree = "<group>";
		};
		E439A4852685F7500056FA74 /* CustomSegmentedControl */ = {
			isa = PBXGroup;
			children = (
				E439A4862685F7910056FA74 /* CustomSegmentedControl.swift */,
				E439A4882685F8B80056FA74 /* CustomSegmentControl.xib */,
			);
			path = CustomSegmentedControl;
			sourceTree = "<group>";
		};
		E48943ED2685EC36007DF356 /* CustomPageControl */ = {
			isa = PBXGroup;
			children = (
				E48943EE2685ECBF007DF356 /* CustomPageControl.swift */,
				E48943F02685ECD3007DF356 /* CustomPageControl.xib */,
			);
			path = CustomPageControl;
			sourceTree = "<group>";
		};
		E4921C7D2686186700DB247D /* CustomTextField */ = {
			isa = PBXGroup;
			children = (
				E4921C7E2686188C00DB247D /* CustomTextField.swift */,
				E4921C80268618EC00DB247D /* CustomTextField.xib */,
			);
			path = CustomTextField;
			sourceTree = "<group>";
		};
		E4A38E0D2684858C00E44AD8 = {
			isa = PBXGroup;
			children = (
				E4A38E182684858C00E44AD8 /* kidsleep */,
				E4A38E172684858C00E44AD8 /* Products */,
				D0C4DDBD483EDA3C5692E58B /* Pods */,
				0B9EA8D67179FF97DC13EF78 /* Frameworks */,
			);
			sourceTree = "<group>";
		};
		E4A38E172684858C00E44AD8 /* Products */ = {
			isa = PBXGroup;
			children = (
				E4A38E162684858C00E44AD8 /* kidsleep.app */,
			);
			name = Products;
			sourceTree = "<group>";
		};
		E4A38E182684858C00E44AD8 /* kidsleep */ = {
			isa = PBXGroup;
			children = (
				E4A38E2F268486FE00E44AD8 /* Domain */,
				E4A38E2E268486F500E44AD8 /* Platform */,
				E4A38E2D268486E800E44AD8 /* Application */,
				E4A38E192684858C00E44AD8 /* AppDelegate.swift */,
				E4A38E1B2684858C00E44AD8 /* SceneDelegate.swift */,
				E4A38E1D2684858C00E44AD8 /* ViewController.swift */,
				E4A38E1F2684858C00E44AD8 /* Main.storyboard */,
				E4A38E222684859100E44AD8 /* Assets.xcassets */,
				E4A38E242684859100E44AD8 /* LaunchScreen.storyboard */,
				E4A38E272684859100E44AD8 /* Info.plist */,
				E48943E92685E3F4007DF356 /* Onboarding.storyboard */,
				E48943EB2685E60D007DF356 /* OnboardingViewController.swift */,
			);
			path = kidsleep;
			sourceTree = "<group>";
		};
		E4A38E2D268486E800E44AD8 /* Application */ = {
			isa = PBXGroup;
			children = (
				E4A7F4972684E0F900BEB391 /* Extensions */,
				E4A38E332684A46C00E44AD8 /* Resources */,
				E4A38E30268499D400E44AD8 /* CustomViews */,
			);
			path = Application;
			sourceTree = "<group>";
		};
		E4A38E2E268486F500E44AD8 /* Platform */ = {
			isa = PBXGroup;
			children = (
			);
			path = Platform;
			sourceTree = "<group>";
		};
		E4A38E2F268486FE00E44AD8 /* Domain */ = {
			isa = PBXGroup;
			children = (
			);
			path = Domain;
			sourceTree = "<group>";
		};
		E4A38E30268499D400E44AD8 /* CustomViews */ = {
			isa = PBXGroup;
			children = (
				E42B95AC2689C08500F2312E /* CustomDataPicker */,
				E4921C7D2686186700DB247D /* CustomTextField */,
				E439A4852685F7500056FA74 /* CustomSegmentedControl */,
				E48943ED2685EC36007DF356 /* CustomPageControl */,
				E4A7F4902684C1A400BEB391 /* CustomButton */,
				E4A38E31268499ED00E44AD8 /* GradientView.swift */,
				E42B95B12689D61900F2312E /* CustomInput.swift */,
			);
			path = CustomViews;
			sourceTree = "<group>";
		};
		E4A38E332684A46C00E44AD8 /* Resources */ = {
			isa = PBXGroup;
			children = (
				E4A7F4892684B1A400BEB391 /* Fonts */,
			);
			path = Resources;
			sourceTree = "<group>";
		};
		E4A7F4892684B1A400BEB391 /* Fonts */ = {
			isa = PBXGroup;
			children = (
				E4A7F48A2684B1BC00BEB391 /* Montserrat-Black.ttf */,
				E4A7F48C2684B1CE00BEB391 /* Montserrat-Bold.ttf */,
				E4A7F48E2684B1D900BEB391 /* Montserrat-Medium.ttf */,
				E4A7F4952684DF4D00BEB391 /* Montserrat-SemiBold.ttf */,
			);
			path = Fonts;
			sourceTree = "<group>";
		};
		E4A7F4902684C1A400BEB391 /* CustomButton */ = {
			isa = PBXGroup;
			children = (
				E4A7F4912684C23100BEB391 /* CustomButton.swift */,
				E4A7F4922684C23100BEB391 /* CustomButton.xib */,
			);
			path = CustomButton;
			sourceTree = "<group>";
		};
		E4A7F4972684E0F900BEB391 /* Extensions */ = {
			isa = PBXGroup;
			children = (
				E4A7F4982684E11100BEB391 /* Extensions.swift */,
			);
			path = Extensions;
			sourceTree = "<group>";
		};
/* End PBXGroup section */

/* Begin PBXNativeTarget section */
		E4A38E152684858C00E44AD8 /* kidsleep */ = {
			isa = PBXNativeTarget;
			buildConfigurationList = E4A38E2A2684859100E44AD8 /* Build configuration list for PBXNativeTarget "kidsleep" */;
			buildPhases = (
				BF3E5D635807BCCD6EDFC024 /* [CP] Check Pods Manifest.lock */,
				E4A38E122684858C00E44AD8 /* Sources */,
				E4A38E132684858C00E44AD8 /* Frameworks */,
				E4A38E142684858C00E44AD8 /* Resources */,
				E09AF02883689983535129A4 /* [CP] Embed Pods Frameworks */,
			);
			buildRules = (
			);
			dependencies = (
			);
			name = kidsleep;
			productName = kidsleep;
			productReference = E4A38E162684858C00E44AD8 /* kidsleep.app */;
			productType = "com.apple.product-type.application";
		};
/* End PBXNativeTarget section */

/* Begin PBXProject section */
		E4A38E0E2684858C00E44AD8 /* Project object */ = {
			isa = PBXProject;
			attributes = {
				LastSwiftUpdateCheck = 1250;
				LastUpgradeCheck = 1250;
				TargetAttributes = {
					E4A38E152684858C00E44AD8 = {
						CreatedOnToolsVersion = 12.5;
					};
				};
			};
			buildConfigurationList = E4A38E112684858C00E44AD8 /* Build configuration list for PBXProject "kidsleep" */;
			compatibilityVersion = "Xcode 9.3";
			developmentRegion = en;
			hasScannedForEncodings = 0;
			knownRegions = (
				en,
				Base,
			);
			mainGroup = E4A38E0D2684858C00E44AD8;
			productRefGroup = E4A38E172684858C00E44AD8 /* Products */;
			projectDirPath = "";
			projectRoot = "";
			targets = (
				E4A38E152684858C00E44AD8 /* kidsleep */,
			);
		};
/* End PBXProject section */

/* Begin PBXResourcesBuildPhase section */
		E4A38E142684858C00E44AD8 /* Resources */ = {
			isa = PBXResourcesBuildPhase;
			buildActionMask = 2147483647;
			files = (
				E4A7F48D2684B1CE00BEB391 /* Montserrat-Bold.ttf in Resources */,
				E48943F12685ECD3007DF356 /* CustomPageControl.xib in Resources */,
				E4A38E262684859100E44AD8 /* LaunchScreen.storyboard in Resources */,
				E4A7F4942684C23100BEB391 /* CustomButton.xib in Resources */,
				E4A7F48B2684B1BC00BEB391 /* Montserrat-Black.ttf in Resources */,
				E4A38E232684859100E44AD8 /* Assets.xcassets in Resources */,
				E4A7F48F2684B1D900BEB391 /* Montserrat-Medium.ttf in Resources */,
				E439A4892685F8B80056FA74 /* CustomSegmentControl.xib in Resources */,
				E4921C81268618EC00DB247D /* CustomTextField.xib in Resources */,
				E48943EA2685E3F4007DF356 /* Onboarding.storyboard in Resources */,
				E4A7F4962684DF4E00BEB391 /* Montserrat-SemiBold.ttf in Resources */,
				E42B95AE2689C09900F2312E /* CustomDataPicker.xib in Resources */,
				E4A38E212684858C00E44AD8 /* Main.storyboard in Resources */,
			);
			runOnlyForDeploymentPostprocessing = 0;
		};
/* End PBXResourcesBuildPhase section */

/* Begin PBXShellScriptBuildPhase section */
		BF3E5D635807BCCD6EDFC024 /* [CP] Check Pods Manifest.lock */ = {
			isa = PBXShellScriptBuildPhase;
			buildActionMask = 2147483647;
			files = (
			);
			inputFileListPaths = (
			);
			inputPaths = (
				"${PODS_PODFILE_DIR_PATH}/Podfile.lock",
				"${PODS_ROOT}/Manifest.lock",
			);
			name = "[CP] Check Pods Manifest.lock";
			outputFileListPaths = (
			);
			outputPaths = (
				"$(DERIVED_FILE_DIR)/Pods-kidsleep-checkManifestLockResult.txt",
			);
			runOnlyForDeploymentPostprocessing = 0;
			shellPath = /bin/sh;
			shellScript = "diff \"${PODS_PODFILE_DIR_PATH}/Podfile.lock\" \"${PODS_ROOT}/Manifest.lock\" > /dev/null\nif [ $? != 0 ] ; then\n    # print error to STDERR\n    echo \"error: The sandbox is not in sync with the Podfile.lock. Run 'pod install' or update your CocoaPods installation.\" >&2\n    exit 1\nfi\n# This output is used by Xcode 'outputs' to avoid re-running this script phase.\necho \"SUCCESS\" > \"${SCRIPT_OUTPUT_FILE_0}\"\n";
			showEnvVarsInLog = 0;
		};
		E09AF02883689983535129A4 /* [CP] Embed Pods Frameworks */ = {
			isa = PBXShellScriptBuildPhase;
			buildActionMask = 2147483647;
			files = (
			);
			inputFileListPaths = (
				"${PODS_ROOT}/Target Support Files/Pods-kidsleep/Pods-kidsleep-frameworks-${CONFIGURATION}-input-files.xcfilelist",
			);
			name = "[CP] Embed Pods Frameworks";
			outputFileListPaths = (
				"${PODS_ROOT}/Target Support Files/Pods-kidsleep/Pods-kidsleep-frameworks-${CONFIGURATION}-output-files.xcfilelist",
			);
			runOnlyForDeploymentPostprocessing = 0;
			shellPath = /bin/sh;
			shellScript = "\"${PODS_ROOT}/Target Support Files/Pods-kidsleep/Pods-kidsleep-frameworks.sh\"\n";
			showEnvVarsInLog = 0;
		};
/* End PBXShellScriptBuildPhase section */

/* Begin PBXSourcesBuildPhase section */
		E4A38E122684858C00E44AD8 /* Sources */ = {
			isa = PBXSourcesBuildPhase;
			buildActionMask = 2147483647;
			files = (
				E4A38E1E2684858C00E44AD8 /* ViewController.swift in Sources */,
				E4A7F4992684E11100BEB391 /* Extensions.swift in Sources */,
				E4A38E1A2684858C00E44AD8 /* AppDelegate.swift in Sources */,
				E48943EF2685ECBF007DF356 /* CustomPageControl.swift in Sources */,
				E42B95B02689C1E500F2312E /* CustomDataPicker.swift in Sources */,
				E4921C7F2686188C00DB247D /* CustomTextField.swift in Sources */,
				E4A38E32268499ED00E44AD8 /* GradientView.swift in Sources */,
				E439A4872685F7910056FA74 /* CustomSegmentedControl.swift in Sources */,
				E48943EC2685E60D007DF356 /* OnboardingViewController.swift in Sources */,
				E4A7F4932684C23100BEB391 /* CustomButton.swift in Sources */,
				E4A38E1C2684858C00E44AD8 /* SceneDelegate.swift in Sources */,
				E42B95B22689D61900F2312E /* CustomInput.swift in Sources */,
			);
			runOnlyForDeploymentPostprocessing = 0;
		};
/* End PBXSourcesBuildPhase section */

/* Begin PBXVariantGroup section */
		E4A38E1F2684858C00E44AD8 /* Main.storyboard */ = {
			isa = PBXVariantGroup;
			children = (
				E4A38E202684858C00E44AD8 /* Base */,
			);
			name = Main.storyboard;
			sourceTree = "<group>";
		};
		E4A38E242684859100E44AD8 /* LaunchScreen.storyboard */ = {
			isa = PBXVariantGroup;
			children = (
				E4A38E252684859100E44AD8 /* Base */,
			);
			name = LaunchScreen.storyboard;
			sourceTree = "<group>";
		};
/* End PBXVariantGroup section */

/* Begin XCBuildConfiguration section */
		E4A38E282684859100E44AD8 /* Debug */ = {
			isa = XCBuildConfiguration;
			buildSettings = {
				ALWAYS_SEARCH_USER_PATHS = NO;
				CLANG_ANALYZER_NONNULL = YES;
				CLANG_ANALYZER_NUMBER_OBJECT_CONVERSION = YES_AGGRESSIVE;
				CLANG_CXX_LANGUAGE_STANDARD = "gnu++14";
				CLANG_CXX_LIBRARY = "libc++";
				CLANG_ENABLE_MODULES = YES;
				CLANG_ENABLE_OBJC_ARC = YES;
				CLANG_ENABLE_OBJC_WEAK = YES;
				CLANG_WARN_BLOCK_CAPTURE_AUTORELEASING = YES;
				CLANG_WARN_BOOL_CONVERSION = YES;
				CLANG_WARN_COMMA = YES;
				CLANG_WARN_CONSTANT_CONVERSION = YES;
				CLANG_WARN_DEPRECATED_OBJC_IMPLEMENTATIONS = YES;
				CLANG_WARN_DIRECT_OBJC_ISA_USAGE = YES_ERROR;
				CLANG_WARN_DOCUMENTATION_COMMENTS = YES;
				CLANG_WARN_EMPTY_BODY = YES;
				CLANG_WARN_ENUM_CONVERSION = YES;
				CLANG_WARN_INFINITE_RECURSION = YES;
				CLANG_WARN_INT_CONVERSION = YES;
				CLANG_WARN_NON_LITERAL_NULL_CONVERSION = YES;
				CLANG_WARN_OBJC_IMPLICIT_RETAIN_SELF = YES;
				CLANG_WARN_OBJC_LITERAL_CONVERSION = YES;
				CLANG_WARN_OBJC_ROOT_CLASS = YES_ERROR;
				CLANG_WARN_QUOTED_INCLUDE_IN_FRAMEWORK_HEADER = YES;
				CLANG_WARN_RANGE_LOOP_ANALYSIS = YES;
				CLANG_WARN_STRICT_PROTOTYPES = YES;
				CLANG_WARN_SUSPICIOUS_MOVE = YES;
				CLANG_WARN_UNGUARDED_AVAILABILITY = YES_AGGRESSIVE;
				CLANG_WARN_UNREACHABLE_CODE = YES;
				CLANG_WARN__DUPLICATE_METHOD_MATCH = YES;
				COPY_PHASE_STRIP = NO;
				DEBUG_INFORMATION_FORMAT = dwarf;
				ENABLE_STRICT_OBJC_MSGSEND = YES;
				ENABLE_TESTABILITY = YES;
				GCC_C_LANGUAGE_STANDARD = gnu11;
				GCC_DYNAMIC_NO_PIC = NO;
				GCC_NO_COMMON_BLOCKS = YES;
				GCC_OPTIMIZATION_LEVEL = 0;
				GCC_PREPROCESSOR_DEFINITIONS = (
					"DEBUG=1",
					"$(inherited)",
				);
				GCC_WARN_64_TO_32_BIT_CONVERSION = YES;
				GCC_WARN_ABOUT_RETURN_TYPE = YES_ERROR;
				GCC_WARN_UNDECLARED_SELECTOR = YES;
				GCC_WARN_UNINITIALIZED_AUTOS = YES_AGGRESSIVE;
				GCC_WARN_UNUSED_FUNCTION = YES;
				GCC_WARN_UNUSED_VARIABLE = YES;
				IPHONEOS_DEPLOYMENT_TARGET = 14.5;
				MTL_ENABLE_DEBUG_INFO = INCLUDE_SOURCE;
				MTL_FAST_MATH = YES;
				ONLY_ACTIVE_ARCH = YES;
				SDKROOT = iphoneos;
				SWIFT_ACTIVE_COMPILATION_CONDITIONS = DEBUG;
				SWIFT_OPTIMIZATION_LEVEL = "-Onone";
			};
			name = Debug;
		};
		E4A38E292684859100E44AD8 /* Release */ = {
			isa = XCBuildConfiguration;
			buildSettings = {
				ALWAYS_SEARCH_USER_PATHS = NO;
				CLANG_ANALYZER_NONNULL = YES;
				CLANG_ANALYZER_NUMBER_OBJECT_CONVERSION = YES_AGGRESSIVE;
				CLANG_CXX_LANGUAGE_STANDARD = "gnu++14";
				CLANG_CXX_LIBRARY = "libc++";
				CLANG_ENABLE_MODULES = YES;
				CLANG_ENABLE_OBJC_ARC = YES;
				CLANG_ENABLE_OBJC_WEAK = YES;
				CLANG_WARN_BLOCK_CAPTURE_AUTORELEASING = YES;
				CLANG_WARN_BOOL_CONVERSION = YES;
				CLANG_WARN_COMMA = YES;
				CLANG_WARN_CONSTANT_CONVERSION = YES;
				CLANG_WARN_DEPRECATED_OBJC_IMPLEMENTATIONS = YES;
				CLANG_WARN_DIRECT_OBJC_ISA_USAGE = YES_ERROR;
				CLANG_WARN_DOCUMENTATION_COMMENTS = YES;
				CLANG_WARN_EMPTY_BODY = YES;
				CLANG_WARN_ENUM_CONVERSION = YES;
				CLANG_WARN_INFINITE_RECURSION = YES;
				CLANG_WARN_INT_CONVERSION = YES;
				CLANG_WARN_NON_LITERAL_NULL_CONVERSION = YES;
				CLANG_WARN_OBJC_IMPLICIT_RETAIN_SELF = YES;
				CLANG_WARN_OBJC_LITERAL_CONVERSION = YES;
				CLANG_WARN_OBJC_ROOT_CLASS = YES_ERROR;
				CLANG_WARN_QUOTED_INCLUDE_IN_FRAMEWORK_HEADER = YES;
				CLANG_WARN_RANGE_LOOP_ANALYSIS = YES;
				CLANG_WARN_STRICT_PROTOTYPES = YES;
				CLANG_WARN_SUSPICIOUS_MOVE = YES;
				CLANG_WARN_UNGUARDED_AVAILABILITY = YES_AGGRESSIVE;
				CLANG_WARN_UNREACHABLE_CODE = YES;
				CLANG_WARN__DUPLICATE_METHOD_MATCH = YES;
				COPY_PHASE_STRIP = NO;
				DEBUG_INFORMATION_FORMAT = "dwarf-with-dsym";
				ENABLE_NS_ASSERTIONS = NO;
				ENABLE_STRICT_OBJC_MSGSEND = YES;
				GCC_C_LANGUAGE_STANDARD = gnu11;
				GCC_NO_COMMON_BLOCKS = YES;
				GCC_WARN_64_TO_32_BIT_CONVERSION = YES;
				GCC_WARN_ABOUT_RETURN_TYPE = YES_ERROR;
				GCC_WARN_UNDECLARED_SELECTOR = YES;
				GCC_WARN_UNINITIALIZED_AUTOS = YES_AGGRESSIVE;
				GCC_WARN_UNUSED_FUNCTION = YES;
				GCC_WARN_UNUSED_VARIABLE = YES;
				IPHONEOS_DEPLOYMENT_TARGET = 14.5;
				MTL_ENABLE_DEBUG_INFO = NO;
				MTL_FAST_MATH = YES;
				SDKROOT = iphoneos;
				SWIFT_COMPILATION_MODE = wholemodule;
				SWIFT_OPTIMIZATION_LEVEL = "-O";
				VALIDATE_PRODUCT = YES;
			};
			name = Release;
		};
		E4A38E2B2684859100E44AD8 /* Debug */ = {
			isa = XCBuildConfiguration;
			baseConfigurationReference = BB8E9E1697F0288782162630 /* Pods-kidsleep.debug.xcconfig */;
			buildSettings = {
				ASSETCATALOG_COMPILER_APPICON_NAME = AppIcon;
				ASSETCATALOG_COMPILER_GLOBAL_ACCENT_COLOR_NAME = AccentColor;
				CODE_SIGN_STYLE = Automatic;
				DEVELOPMENT_TEAM = 27FY4CLLLY;
				INFOPLIST_FILE = kidsleep/Info.plist;
				LD_RUNPATH_SEARCH_PATHS = (
					"$(inherited)",
					"@executable_path/Frameworks",
				);
				PRODUCT_BUNDLE_IDENTIFIER = test.kidsleep;
				PRODUCT_NAME = "$(TARGET_NAME)";
				SWIFT_VERSION = 5.0;
				TARGETED_DEVICE_FAMILY = "1,2";
			};
			name = Debug;
		};
		E4A38E2C2684859100E44AD8 /* Release */ = {
			isa = XCBuildConfiguration;
			baseConfigurationReference = F70EED7B90386BD4BD42E74D /* Pods-kidsleep.release.xcconfig */;
			buildSettings = {
				ASSETCATALOG_COMPILER_APPICON_NAME = AppIcon;
				ASSETCATALOG_COMPILER_GLOBAL_ACCENT_COLOR_NAME = AccentColor;
				CODE_SIGN_STYLE = Automatic;
				DEVELOPMENT_TEAM = 27FY4CLLLY;
				INFOPLIST_FILE = kidsleep/Info.plist;
				LD_RUNPATH_SEARCH_PATHS = (
					"$(inherited)",
					"@executable_path/Frameworks",
				);
				PRODUCT_BUNDLE_IDENTIFIER = test.kidsleep;
				PRODUCT_NAME = "$(TARGET_NAME)";
				SWIFT_VERSION = 5.0;
				TARGETED_DEVICE_FAMILY = "1,2";
			};
			name = Release;
		};
/* End XCBuildConfiguration section */

/* Begin XCConfigurationList section */
		E4A38E112684858C00E44AD8 /* Build configuration list for PBXProject "kidsleep" */ = {
			isa = XCConfigurationList;
			buildConfigurations = (
				E4A38E282684859100E44AD8 /* Debug */,
				E4A38E292684859100E44AD8 /* Release */,
			);
			defaultConfigurationIsVisible = 0;
			defaultConfigurationName = Release;
		};
		E4A38E2A2684859100E44AD8 /* Build configuration list for PBXNativeTarget "kidsleep" */ = {
			isa = XCConfigurationList;
			buildConfigurations = (
				E4A38E2B2684859100E44AD8 /* Debug */,
				E4A38E2C2684859100E44AD8 /* Release */,
			);
			defaultConfigurationIsVisible = 0;
			defaultConfigurationName = Release;
		};
/* End XCConfigurationList section */
	};
	rootObject = E4A38E0E2684858C00E44AD8 /* Project object */;
}
